
Microsoft Visual Studio Solution File, Format Version 12.00
# Visual Studio Version 16
VisualStudioVersion = 16.0.34601.136
MinimumVisualStudioVersion = 10.0.40219.1
Project("{FAE04EC0-301F-11D3-BF4B-00C04F79EFBC}") = "TinhToan", "TinhToan\TinhToan.csproj", "{A06CB632-ECE6-475F-AB04-E7011F7106C0}"
EndProject
Global
	GlobalSection(SolutionConfigurationPlatforms) = preSolution
		Debug|Any CPU = Debug|Any CPU
		Release|Any CPU = Release|Any CPU
	EndGlobalSection
	GlobalSection(ProjectConfigurationPlatforms) = postSolution
		{A06CB632-ECE6-475F-AB04-E7011F7106C0}.Debug|Any CPU.ActiveCfg = Debug|Any CPU
		{A06CB632-ECE6-475F-AB04-E7011F7106C0}.Debug|Any CPU.Build.0 = Debug|Any CPU
		{A06CB632-ECE6-475F-AB04-E7011F7106C0}.Release|Any CPU.ActiveCfg = Release|Any CPU
		{A06CB632-ECE6-475F-AB04-E7011F7106C0}.Release|Any CPU.Build.0 = Release|Any CPU
	EndGlobalSection
	GlobalSection(SolutionProperties) = preSolution
		HideSolutionNode = FALSE
	EndGlobalSection
	GlobalSection(ExtensibilityGlobals) = postSolution
		SolutionGuid = {E364A63E-E0E7-4FEB-AD1F-0C6170580639}
	EndGlobalSection
EndGlobal
